// !$*UTF8*$!
{
	archiveVersion = 1;
	classes = {
	};
	objectVersion = 56;
	objects = {

/* Begin PBXBuildFile section */
		C4E381012BCAFE3A00E28670 /* AppDelegate.swift in Sources */ = {isa = PBXBuildFile; fileRef = C4E381002BCAFE3A00E28670 /* AppDelegate.swift */; };
		C4E381032BCAFE3A00E28670 /* SceneDelegate.swift in Sources */ = {isa = PBXBuildFile; fileRef = C4E381022BCAFE3A00E28670 /* SceneDelegate.swift */; };
		C4E381052BCAFE3A00E28670 /* ViewController.swift in Sources */ = {isa = PBXBuildFile; fileRef = C4E381042BCAFE3A00E28670 /* ViewController.swift */; };
		C4E381082BCAFE3A00E28670 /* Base in Resources */ = {isa = PBXBuildFile; fileRef = C4E381072BCAFE3A00E28670 /* Base */; };
		C4E3810B2BCAFE3B00E28670 /* TableViewCellsReview.xcdatamodeld in Sources */ = {isa = PBXBuildFile; fileRef = C4E381092BCAFE3B00E28670 /* TableViewCellsReview.xcdatamodeld */; };
		C4E3810D2BCAFE3B00E28670 /* Assets.xcassets in Resources */ = {isa = PBXBuildFile; fileRef = C4E3810C2BCAFE3B00E28670 /* Assets.xcassets */; };
		C4E381102BCAFE3B00E28670 /* Base in Resources */ = {isa = PBXBuildFile; fileRef = C4E3810F2BCAFE3B00E28670 /* Base */; };
		C4E381182BCAFFEB00E28670 /* Employee.swift in Sources */ = {isa = PBXBuildFile; fileRef = C4E381172BCAFFEB00E28670 /* Employee.swift */; };
		C4E3811A2BCB00B600E28670 /* EmpTableViewCell.swift in Sources */ = {isa = PBXBuildFile; fileRef = C4E381192BCB00B600E28670 /* EmpTableViewCell.swift */; };
/* End PBXBuildFile section */

/* Begin PBXFileReference section */
		C4E380FD2BCAFE3A00E28670 /* TableViewCellsReview.app */ = {isa = PBXFileReference; explicitFileType = wrapper.application; includeInIndex = 0; path = TableViewCellsReview.app; sourceTree = BUILT_PRODUCTS_DIR; };
		C4E381002BCAFE3A00E28670 /* AppDelegate.swift */ = {isa = PBXFileReference; lastKnownFileType = sourcecode.swift; path = AppDelegate.swift; sourceTree = "<group>"; };
		C4E381022BCAFE3A00E28670 /* SceneDelegate.swift */ = {isa = PBXFileReference; lastKnownFileType = sourcecode.swift; path = SceneDelegate.swift; sourceTree = "<group>"; };
		C4E381042BCAFE3A00E28670 /* ViewController.swift */ = {isa = PBXFileReference; lastKnownFileType = sourcecode.swift; path = ViewController.swift; sourceTree = "<group>"; };
		C4E381072BCAFE3A00E28670 /* Base */ = {isa = PBXFileReference; lastKnownFileType = file.storyboard; name = Base; path = Base.lproj/Main.storyboard; sourceTree = "<group>"; };
		C4E3810A2BCAFE3B00E28670 /* TableViewCellsReview.xcdatamodel */ = {isa = PBXFileReference; lastKnownFileType = wrapper.xcdatamodel; path = TableViewCellsReview.xcdatamodel; sourceTree = "<group>"; };
		C4E3810C2BCAFE3B00E28670 /* Assets.xcassets */ = {isa = PBXFileReference; lastKnownFileType = folder.assetcatalog; path = Assets.xcassets; sourceTree = "<group>"; };
		C4E3810F2BCAFE3B00E28670 /* Base */ = {isa = PBXFileReference; lastKnownFileType = file.storyboard; name = Base; path = Base.lproj/LaunchScreen.storyboard; sourceTree = "<group>"; };
		C4E381112BCAFE3B00E28670 /* Info.plist */ = {isa = PBXFileReference; lastKnownFileType = text.plist.xml; path = Info.plist; sourceTree = "<group>"; };
		C4E381172BCAFFEB00E28670 /* Employee.swift */ = {isa = PBXFileReference; lastKnownFileType = sourcecode.swift; path = Employee.swift; sourceTree = "<group>"; };
		C4E381192BCB00B600E28670 /* EmpTableViewCell.swift */ = {isa = PBXFileReference; lastKnownFileType = sourcecode.swift; path = EmpTableViewCell.swift; sourceTree = "<group>"; };
/* End PBXFileReference section */

/* Begin PBXFrameworksBuildPhase section */
		C4E380FA2BCAFE3A00E28670 /* Frameworks */ = {
			isa = PBXFrameworksBuildPhase;
			buildActionMask = 2147483647;
			files = (
			);
			runOnlyForDeploymentPostprocessing = 0;
		};
/* End PBXFrameworksBuildPhase section */

/* Begin PBXGroup section */
		C4E380F42BCAFE3A00E28670 = {
			isa = PBXGroup;
			children = (
				C4E380FF2BCAFE3A00E28670 /* TableViewCellsReview */,
				C4E380FE2BCAFE3A00E28670 /* Products */,
			);
			sourceTree = "<group>";
		};
		C4E380FE2BCAFE3A00E28670 /* Products */ = {
			isa = PBXGroup;
			children = (
				C4E380FD2BCAFE3A00E28670 /* TableViewCellsReview.app */,
			);
			name = Products;
			sourceTree = "<group>";
		};
		C4E380FF2BCAFE3A00E28670 /* TableViewCellsReview */ = {
			isa = PBXGroup;
			children = (
				C4E381002BCAFE3A00E28670 /* AppDelegate.swift */,
				C4E381022BCAFE3A00E28670 /* SceneDelegate.swift */,
				C4E381042BCAFE3A00E28670 /* ViewController.swift */,
				C4E381192BCB00B600E28670 /* EmpTableViewCell.swift */,
				C4E381062BCAFE3A00E28670 /* Main.storyboard */,
				C4E381172BCAFFEB00E28670 /* Employee.swift */,
				C4E3810C2BCAFE3B00E28670 /* Assets.xcassets */,
				C4E3810E2BCAFE3B00E28670 /* LaunchScreen.storyboard */,
				C4E381112BCAFE3B00E28670 /* Info.plist */,
				C4E381092BCAFE3B00E28670 /* TableViewCellsReview.xcdatamodeld */,
			);
			path = TableViewCellsReview;
			sourceTree = "<group>";
		};
/* End PBXGroup section */

/* Begin PBXNativeTarget section */
		C4E380FC2BCAFE3A00E28670 /* TableViewCellsReview */ = {
			isa = PBXNativeTarget;
			buildConfigurationList = C4E381142BCAFE3B00E28670 /* Build configuration list for PBXNativeTarget "TableViewCellsReview" */;
			buildPhases = (
				C4E380F92BCAFE3A00E28670 /* Sources */,
				C4E380FA2BCAFE3A00E28670 /* Frameworks */,
				C4E380FB2BCAFE3A00E28670 /* Resources */,
			);
			buildRules = (
			);
			dependencies = (
			);
			name = TableViewCellsReview;
			productName = TableViewCellsReview;
			productReference = C4E380FD2BCAFE3A00E28670 /* TableViewCellsReview.app */;
			productType = "com.apple.product-type.application";
		};
/* End PBXNativeTarget section */

/* Begin PBXProject section */
		C4E380F52BCAFE3A00E28670 /* Project object */ = {
			isa = PBXProject;
			attributes = {
				BuildIndependentTargetsInParallel = 1;
				LastSwiftUpdateCheck = 1530;
				LastUpgradeCheck = 1530;
				TargetAttributes = {
					C4E380FC2BCAFE3A00E28670 = {
						CreatedOnToolsVersion = 15.3;
					};
				};
			};
			buildConfigurationList = C4E380F82BCAFE3A00E28670 /* Build configuration list for PBXProject "TableViewCellsReview" */;
			compatibilityVersion = "Xcode 14.0";
			developmentRegion = en;
			hasScannedForEncodings = 0;
			knownRegions = (
				en,
				Base,
			);
			mainGroup = C4E380F42BCAFE3A00E28670;
			productRefGroup = C4E380FE2BCAFE3A00E28670 /* Products */;
			projectDirPath = "";
			projectRoot = "";
			targets = (
				C4E380FC2BCAFE3A00E28670 /* TableViewCellsReview */,
			);
		};
/* End PBXProject section */

/* Begin PBXResourcesBuildPhase section */
		C4E380FB2BCAFE3A00E28670 /* Resources */ = {
			isa = PBXResourcesBuildPhase;
			buildActionMask = 2147483647;
			files = (
				C4E3810D2BCAFE3B00E28670 /* Assets.xcassets in Resources */,
				C4E381102BCAFE3B00E28670 /* Base in Resources */,
				C4E381082BCAFE3A00E28670 /* Base in Resources */,
			);
			runOnlyForDeploymentPostprocessing = 0;
		};
/* End PBXResourcesBuildPhase section */

/* Begin PBXSourcesBuildPhase section */
		C4E380F92BCAFE3A00E28670 /* Sources */ = {
			isa = PBXSourcesBuildPhase;
			buildActionMask = 2147483647;
			files = (
				C4E381052BCAFE3A00E28670 /* ViewController.swift in Sources */,
				C4E381012BCAFE3A00E28670 /* AppDelegate.swift in Sources */,
				C4E3811A2BCB00B600E28670 /* EmpTableViewCell.swift in Sources */,
				C4E381032BCAFE3A00E28670 /* SceneDelegate.swift in Sources */,
				C4E381182BCAFFEB00E28670 /* Employee.swift in Sources */,
				C4E3810B2BCAFE3B00E28670 /* TableViewCellsReview.xcdatamodeld in Sources */,
			);
			runOnlyForDeploymentPostprocessing = 0;
		};
/* End PBXSourcesBuildPhase section */

/* Begin PBXVariantGroup section */
		C4E381062BCAFE3A00E28670 /* Main.storyboard */ = {
			isa = PBXVariantGroup;
			children = (
				C4E381072BCAFE3A00E28670 /* Base */,
			);
			name = Main.storyboard;
			sourceTree = "<group>";
		};
		C4E3810E2BCAFE3B00E28670 /* LaunchScreen.storyboard */ = {
			isa = PBXVariantGroup;
			children = (
				C4E3810F2BCAFE3B00E28670 /* Base */,
			);
			name = LaunchScreen.storyboard;
			sourceTree = "<group>";
		};
/* End PBXVariantGroup section */

/* Begin XCBuildConfiguration section */
		C4E381122BCAFE3B00E28670 /* Debug */ = {
			isa = XCBuildConfiguration;
			buildSettings = {
				ALWAYS_SEARCH_USER_PATHS = NO;
				ASSETCATALOG_COMPILER_GENERATE_SWIFT_ASSET_SYMBOL_EXTENSIONS = YES;
				CLANG_ANALYZER_NONNULL = YES;
				CLANG_ANALYZER_NUMBER_OBJECT_CONVERSION = YES_AGGRESSIVE;
				CLANG_CXX_LANGUAGE_STANDARD = "gnu++20";
				CLANG_ENABLE_MODULES = YES;
				CLANG_ENABLE_OBJC_ARC = YES;
				CLANG_ENABLE_OBJC_WEAK = YES;
				CLANG_WARN_BLOCK_CAPTURE_AUTORELEASING = YES;
				CLANG_WARN_BOOL_CONVERSION = YES;
				CLANG_WARN_COMMA = YES;
				CLANG_WARN_CONSTANT_CONVERSION = YES;
				CLANG_WARN_DEPRECATED_OBJC_IMPLEMENTATIONS = YES;
				CLANG_WARN_DIRECT_OBJC_ISA_USAGE = YES_ERROR;
				CLANG_WARN_DOCUMENTATION_COMMENTS = YES;
				CLANG_WARN_EMPTY_BODY = YES;
				CLANG_WARN_ENUM_CONVERSION = YES;
				CLANG_WARN_INFINITE_RECURSION = YES;
				CLANG_WARN_INT_CONVERSION = YES;
				CLANG_WARN_NON_LITERAL_NULL_CONVERSION = YES;
				CLANG_WARN_OBJC_IMPLICIT_RETAIN_SELF = YES;
				CLANG_WARN_OBJC_LITERAL_CONVERSION = YES;
				CLANG_WARN_OBJC_ROOT_CLASS = YES_ERROR;
				CLANG_WARN_QUOTED_INCLUDE_IN_FRAMEWORK_HEADER = YES;
				CLANG_WARN_RANGE_LOOP_ANALYSIS = YES;
				CLANG_WARN_STRICT_PROTOTYPES = YES;
				CLANG_WARN_SUSPICIOUS_MOVE = YES;
				CLANG_WARN_UNGUARDED_AVAILABILITY = YES_AGGRESSIVE;
				CLANG_WARN_UNREACHABLE_CODE = YES;
				CLANG_WARN__DUPLICATE_METHOD_MATCH = YES;
				COPY_PHASE_STRIP = NO;
				DEBUG_INFORMATION_FORMAT = dwarf;
				ENABLE_STRICT_OBJC_MSGSEND = YES;
				ENABLE_TESTABILITY = YES;
				ENABLE_USER_SCRIPT_SANDBOXING = YES;
				GCC_C_LANGUAGE_STANDARD = gnu17;
				GCC_DYNAMIC_NO_PIC = NO;
				GCC_NO_COMMON_BLOCKS = YES;
				GCC_OPTIMIZATION_LEVEL = 0;
				GCC_PREPROCESSOR_DEFINITIONS = (
					"DEBUG=1",
					"$(inherited)",
				);
				GCC_WARN_64_TO_32_BIT_CONVERSION = YES;
				GCC_WARN_ABOUT_RETURN_TYPE = YES_ERROR;
				GCC_WARN_UNDECLARED_SELECTOR = YES;
				GCC_WARN_UNINITIALIZED_AUTOS = YES_AGGRESSIVE;
				GCC_WARN_UNUSED_FUNCTION = YES;
				GCC_WARN_UNUSED_VARIABLE = YES;
				IPHONEOS_DEPLOYMENT_TARGET = 17.4;
				LOCALIZATION_PREFERS_STRING_CATALOGS = YES;
				MTL_ENABLE_DEBUG_INFO = INCLUDE_SOURCE;
				MTL_FAST_MATH = YES;
				ONLY_ACTIVE_ARCH = YES;
				SDKROOT = iphoneos;
				SWIFT_ACTIVE_COMPILATION_CONDITIONS = "DEBUG $(inherited)";
				SWIFT_OPTIMIZATION_LEVEL = "-Onone";
			};
			name = Debug;
		};
		C4E381132BCAFE3B00E28670 /* Release */ = {
			isa = XCBuildConfiguration;
			buildSettings = {
				ALWAYS_SEARCH_USER_PATHS = NO;
				ASSETCATALOG_COMPILER_GENERATE_SWIFT_ASSET_SYMBOL_EXTENSIONS = YES;
				CLANG_ANALYZER_NONNULL = YES;
				CLANG_ANALYZER_NUMBER_OBJECT_CONVERSION = YES_AGGRESSIVE;
				CLANG_CXX_LANGUAGE_STANDARD = "gnu++20";
				CLANG_ENABLE_MODULES = YES;
				CLANG_ENABLE_OBJC_ARC = YES;
				CLANG_ENABLE_OBJC_WEAK = YES;
				CLANG_WARN_BLOCK_CAPTURE_AUTORELEASING = YES;
				CLANG_WARN_BOOL_CONVERSION = YES;
				CLANG_WARN_COMMA = YES;
				CLANG_WARN_CONSTANT_CONVERSION = YES;
				CLANG_WARN_DEPRECATED_OBJC_IMPLEMENTATIONS = YES;
				CLANG_WARN_DIRECT_OBJC_ISA_USAGE = YES_ERROR;
				CLANG_WARN_DOCUMENTATION_COMMENTS = YES;
				CLANG_WARN_EMPTY_BODY = YES;
				CLANG_WARN_ENUM_CONVERSION = YES;
				CLANG_WARN_INFINITE_RECURSION = YES;
				CLANG_WARN_INT_CONVERSION = YES;
				CLANG_WARN_NON_LITERAL_NULL_CONVERSION = YES;
				CLANG_WARN_OBJC_IMPLICIT_RETAIN_SELF = YES;
				CLANG_WARN_OBJC_LITERAL_CONVERSION = YES;
				CLANG_WARN_OBJC_ROOT_CLASS = YES_ERROR;
				CLANG_WARN_QUOTED_INCLUDE_IN_FRAMEWORK_HEADER = YES;
				CLANG_WARN_RANGE_LOOP_ANALYSIS = YES;
				CLANG_WARN_STRICT_PROTOTYPES = YES;
				CLANG_WARN_SUSPICIOUS_MOVE = YES;
				CLANG_WARN_UNGUARDED_AVAILABILITY = YES_AGGRESSIVE;
				CLANG_WARN_UNREACHABLE_CODE = YES;
				CLANG_WARN__DUPLICATE_METHOD_MATCH = YES;
				COPY_PHASE_STRIP = NO;
				DEBUG_INFORMATION_FORMAT = "dwarf-with-dsym";
				ENABLE_NS_ASSERTIONS = NO;
				ENABLE_STRICT_OBJC_MSGSEND = YES;
				ENABLE_USER_SCRIPT_SANDBOXING = YES;
				GCC_C_LANGUAGE_STANDARD = gnu17;
				GCC_NO_COMMON_BLOCKS = YES;
				GCC_WARN_64_TO_32_BIT_CONVERSION = YES;
				GCC_WARN_ABOUT_RETURN_TYPE = YES_ERROR;
				GCC_WARN_UNDECLARED_SELECTOR = YES;
				GCC_WARN_UNINITIALIZED_AUTOS = YES_AGGRESSIVE;
				GCC_WARN_UNUSED_FUNCTION = YES;
				GCC_WARN_UNUSED_VARIABLE = YES;
				IPHONEOS_DEPLOYMENT_TARGET = 17.4;
				LOCALIZATION_PREFERS_STRING_CATALOGS = YES;
				MTL_ENABLE_DEBUG_INFO = NO;
				MTL_FAST_MATH = YES;
				SDKROOT = iphoneos;
				SWIFT_COMPILATION_MODE = wholemodule;
				VALIDATE_PRODUCT = YES;
			};
			name = Release;
		};
		C4E381152BCAFE3B00E28670 /* Debug */ = {
			isa = XCBuildConfiguration;
			buildSettings = {
				ASSETCATALOG_COMPILER_APPICON_NAME = AppIcon;
				ASSETCATALOG_COMPILER_GLOBAL_ACCENT_COLOR_NAME = AccentColor;
				CODE_SIGN_STYLE = Automatic;
				CURRENT_PROJECT_VERSION = 1;
				GENERATE_INFOPLIST_FILE = YES;
				INFOPLIST_FILE = TableViewCellsReview/Info.plist;
				INFOPLIST_KEY_UIApplicationSupportsIndirectInputEvents = YES;
				INFOPLIST_KEY_UILaunchStoryboardName = LaunchScreen;
				INFOPLIST_KEY_UIMainStoryboardFile = Main;
				INFOPLIST_KEY_UISupportedInterfaceOrientations_iPad = "UIInterfaceOrientationPortrait UIInterfaceOrientationPortraitUpsideDown UIInterfaceOrientationLandscapeLeft UIInterfaceOrientationLandscapeRight";
				INFOPLIST_KEY_UISupportedInterfaceOrientations_iPhone = "UIInterfaceOrientationPortrait UIInterfaceOrientationLandscapeLeft UIInterfaceOrientationLandscapeRight";
				LD_RUNPATH_SEARCH_PATHS = (
					"$(inherited)",
					"@executable_path/Frameworks",
				);
				MARKETING_VERSION = 1.0;
				PRODUCT_BUNDLE_IDENTIFIER = ca.senecacollege.TableViewCellsReview;
				PRODUCT_NAME = "$(TARGET_NAME)";
				SWIFT_EMIT_LOC_STRINGS = YES;
				SWIFT_VERSION = 5.0;
				TARGETED_DEVICE_FAMILY = "1,2";
			};
			name = Debug;
		};
		C4E381162BCAFE3B00E28670 /* Release */ = {
			isa = XCBuildConfiguration;
			buildSettings = {
				ASSETCATALOG_COMPILER_APPICON_NAME = AppIcon;
				ASSETCATALOG_COMPILER_GLOBAL_ACCENT_COLOR_NAME = AccentColor;
				CODE_SIGN_STYLE = Automatic;
				CURRENT_PROJECT_VERSION = 1;
				GENERATE_INFOPLIST_FILE = YES;
				INFOPLIST_FILE = TableViewCellsReview/Info.plist;
				INFOPLIST_KEY_UIApplicationSupportsIndirectInputEvents = YES;
				INFOPLIST_KEY_UILaunchStoryboardName = LaunchScreen;
				INFOPLIST_KEY_UIMainStoryboardFile = Main;
				INFOPLIST_KEY_UISupportedInterfaceOrientations_iPad = "UIInterfaceOrientationPortrait UIInterfaceOrientationPortraitUpsideDown UIInterfaceOrientationLandscapeLeft UIInterfaceOrientationLandscapeRight";
				INFOPLIST_KEY_UISupportedInterfaceOrientations_iPhone = "UIInterfaceOrientationPortrait UIInterfaceOrientationLandscapeLeft UIInterfaceOrientationLandscapeRight";
				LD_RUNPATH_SEARCH_PATHS = (
					"$(inherited)",
					"@executable_path/Frameworks",
				);
				MARKETING_VERSION = 1.0;
				PRODUCT_BUNDLE_IDENTIFIER = ca.senecacollege.TableViewCellsReview;
				PRODUCT_NAME = "$(TARGET_NAME)";
				SWIFT_EMIT_LOC_STRINGS = YES;
				SWIFT_VERSION = 5.0;
				TARGETED_DEVICE_FAMILY = "1,2";
			};
			name = Release;
		};
/* End XCBuildConfiguration section */

/* Begin XCConfigurationList section */
		C4E380F82BCAFE3A00E28670 /* Build configuration list for PBXProject "TableViewCellsReview" */ = {
			isa = XCConfigurationList;
			buildConfigurations = (
				C4E381122BCAFE3B00E28670 /* Debug */,
				C4E381132BCAFE3B00E28670 /* Release */,
			);
			defaultConfigurationIsVisible = 0;
			defaultConfigurationName = Release;
		};
		C4E381142BCAFE3B00E28670 /* Build configuration list for PBXNativeTarget "TableViewCellsReview" */ = {
			isa = XCConfigurationList;
			buildConfigurations = (
				C4E381152BCAFE3B00E28670 /* Debug */,
				C4E381162BCAFE3B00E28670 /* Release */,
			);
			defaultConfigurationIsVisible = 0;
			defaultConfigurationName = Release;
		};
/* End XCConfigurationList section */

/* Begin XCVersionGroup section */
		C4E381092BCAFE3B00E28670 /* TableViewCellsReview.xcdatamodeld */ = {
			isa = XCVersionGroup;
			children = (
				C4E3810A2BCAFE3B00E28670 /* TableViewCellsReview.xcdatamodel */,
			);
			currentVersion = C4E3810A2BCAFE3B00E28670 /* TableViewCellsReview.xcdatamodel */;
			path = TableViewCellsReview.xcdatamodeld;
			sourceTree = "<group>";
			versionGroupType = wrapper.xcdatamodel;
		};
/* End XCVersionGroup section */
	};
	rootObject = C4E380F52BCAFE3A00E28670 /* Project object */;
}
