// !$*UTF8*$!
{
	archiveVersion = 1;
	classes = {
	};
	objectVersion = 56;
	objects = {

/* Begin PBXBuildFile section */
		C4D5C9952BCEDC40009745CA /* AppDelegate.swift in Sources */ = {isa = PBXBuildFile; fileRef = C4D5C9942BCEDC40009745CA /* AppDelegate.swift */; };
		C4D5C9972BCEDC40009745CA /* SceneDelegate.swift in Sources */ = {isa = PBXBuildFile; fileRef = C4D5C9962BCEDC40009745CA /* SceneDelegate.swift */; };
		C4D5C9992BCEDC40009745CA /* ViewController.swift in Sources */ = {isa = PBXBuildFile; fileRef = C4D5C9982BCEDC40009745CA /* ViewController.swift */; };
		C4D5C99C2BCEDC40009745CA /* Base in Resources */ = {isa = PBXBuildFile; fileRef = C4D5C99B2BCEDC40009745CA /* Base */; };
		C4D5C99F2BCEDC40009745CA /* TableViewCoreDataPractice.xcdatamodeld in Sources */ = {isa = PBXBuildFile; fileRef = C4D5C99D2BCEDC40009745CA /* TableViewCoreDataPractice.xcdatamodeld */; };
		C4D5C9A12BCEDC41009745CA /* Assets.xcassets in Resources */ = {isa = PBXBuildFile; fileRef = C4D5C9A02BCEDC41009745CA /* Assets.xcassets */; };
		C4D5C9A42BCEDC41009745CA /* Base in Resources */ = {isa = PBXBuildFile; fileRef = C4D5C9A32BCEDC41009745CA /* Base */; };
		C4D5C9AD2BCEDCD0009745CA /* Emp+CoreDataClass.swift in Sources */ = {isa = PBXBuildFile; fileRef = C4D5C9AB2BCEDCD0009745CA /* Emp+CoreDataClass.swift */; };
		C4D5C9AE2BCEDCD0009745CA /* Emp+CoreDataProperties.swift in Sources */ = {isa = PBXBuildFile; fileRef = C4D5C9AC2BCEDCD0009745CA /* Emp+CoreDataProperties.swift */; };
		C4D5C9B02BCEDCFA009745CA /* CoreDataHandler.swift in Sources */ = {isa = PBXBuildFile; fileRef = C4D5C9AF2BCEDCFA009745CA /* CoreDataHandler.swift */; };
		C4D5C9B22BCEDEE2009745CA /* CreateUpdateVC.swift in Sources */ = {isa = PBXBuildFile; fileRef = C4D5C9B12BCEDEE2009745CA /* CreateUpdateVC.swift */; };
/* End PBXBuildFile section */

/* Begin PBXFileReference section */
		C4D5C9912BCEDC40009745CA /* TableViewCoreDataPractice.app */ = {isa = PBXFileReference; explicitFileType = wrapper.application; includeInIndex = 0; path = TableViewCoreDataPractice.app; sourceTree = BUILT_PRODUCTS_DIR; };
		C4D5C9942BCEDC40009745CA /* AppDelegate.swift */ = {isa = PBXFileReference; lastKnownFileType = sourcecode.swift; path = AppDelegate.swift; sourceTree = "<group>"; };
		C4D5C9962BCEDC40009745CA /* SceneDelegate.swift */ = {isa = PBXFileReference; lastKnownFileType = sourcecode.swift; path = SceneDelegate.swift; sourceTree = "<group>"; };
		C4D5C9982BCEDC40009745CA /* ViewController.swift */ = {isa = PBXFileReference; lastKnownFileType = sourcecode.swift; path = ViewController.swift; sourceTree = "<group>"; };
		C4D5C99B2BCEDC40009745CA /* Base */ = {isa = PBXFileReference; lastKnownFileType = file.storyboard; name = Base; path = Base.lproj/Main.storyboard; sourceTree = "<group>"; };
		C4D5C99E2BCEDC40009745CA /* TableViewCoreDataPractice.xcdatamodel */ = {isa = PBXFileReference; lastKnownFileType = wrapper.xcdatamodel; path = TableViewCoreDataPractice.xcdatamodel; sourceTree = "<group>"; };
		C4D5C9A02BCEDC41009745CA /* Assets.xcassets */ = {isa = PBXFileReference; lastKnownFileType = folder.assetcatalog; path = Assets.xcassets; sourceTree = "<group>"; };
		C4D5C9A32BCEDC41009745CA /* Base */ = {isa = PBXFileReference; lastKnownFileType = file.storyboard; name = Base; path = Base.lproj/LaunchScreen.storyboard; sourceTree = "<group>"; };
		C4D5C9A52BCEDC41009745CA /* Info.plist */ = {isa = PBXFileReference; lastKnownFileType = text.plist.xml; path = Info.plist; sourceTree = "<group>"; };
		C4D5C9AB2BCEDCD0009745CA /* Emp+CoreDataClass.swift */ = {isa = PBXFileReference; lastKnownFileType = sourcecode.swift; path = "Emp+CoreDataClass.swift"; sourceTree = "<group>"; };
		C4D5C9AC2BCEDCD0009745CA /* Emp+CoreDataProperties.swift */ = {isa = PBXFileReference; lastKnownFileType = sourcecode.swift; path = "Emp+CoreDataProperties.swift"; sourceTree = "<group>"; };
		C4D5C9AF2BCEDCFA009745CA /* CoreDataHandler.swift */ = {isa = PBXFileReference; lastKnownFileType = sourcecode.swift; path = CoreDataHandler.swift; sourceTree = "<group>"; };
		C4D5C9B12BCEDEE2009745CA /* CreateUpdateVC.swift */ = {isa = PBXFileReference; lastKnownFileType = sourcecode.swift; path = CreateUpdateVC.swift; sourceTree = "<group>"; };
/* End PBXFileReference section */

/* Begin PBXFrameworksBuildPhase section */
		C4D5C98E2BCEDC40009745CA /* Frameworks */ = {
			isa = PBXFrameworksBuildPhase;
			buildActionMask = 2147483647;
			files = (
			);
			runOnlyForDeploymentPostprocessing = 0;
		};
/* End PBXFrameworksBuildPhase section */

/* Begin PBXGroup section */
		C4D5C9882BCEDC40009745CA = {
			isa = PBXGroup;
			children = (
				C4D5C9B12BCEDEE2009745CA /* CreateUpdateVC.swift */,
				C4D5C9AB2BCEDCD0009745CA /* Emp+CoreDataClass.swift */,
				C4D5C9AC2BCEDCD0009745CA /* Emp+CoreDataProperties.swift */,
				C4D5C9932BCEDC40009745CA /* TableViewCoreDataPractice */,
				C4D5C9922BCEDC40009745CA /* Products */,
			);
			sourceTree = "<group>";
		};
		C4D5C9922BCEDC40009745CA /* Products */ = {
			isa = PBXGroup;
			children = (
				C4D5C9912BCEDC40009745CA /* TableViewCoreDataPractice.app */,
			);
			name = Products;
			sourceTree = "<group>";
		};
		C4D5C9932BCEDC40009745CA /* TableViewCoreDataPractice */ = {
			isa = PBXGroup;
			children = (
				C4D5C9AF2BCEDCFA009745CA /* CoreDataHandler.swift */,
				C4D5C9942BCEDC40009745CA /* AppDelegate.swift */,
				C4D5C9962BCEDC40009745CA /* SceneDelegate.swift */,
				C4D5C9982BCEDC40009745CA /* ViewController.swift */,
				C4D5C99A2BCEDC40009745CA /* Main.storyboard */,
				C4D5C9A02BCEDC41009745CA /* Assets.xcassets */,
				C4D5C9A22BCEDC41009745CA /* LaunchScreen.storyboard */,
				C4D5C9A52BCEDC41009745CA /* Info.plist */,
				C4D5C99D2BCEDC40009745CA /* TableViewCoreDataPractice.xcdatamodeld */,
			);
			path = TableViewCoreDataPractice;
			sourceTree = "<group>";
		};
/* End PBXGroup section */

/* Begin PBXNativeTarget section */
		C4D5C9902BCEDC40009745CA /* TableViewCoreDataPractice */ = {
			isa = PBXNativeTarget;
			buildConfigurationList = C4D5C9A82BCEDC41009745CA /* Build configuration list for PBXNativeTarget "TableViewCoreDataPractice" */;
			buildPhases = (
				C4D5C98D2BCEDC40009745CA /* Sources */,
				C4D5C98E2BCEDC40009745CA /* Frameworks */,
				C4D5C98F2BCEDC40009745CA /* Resources */,
			);
			buildRules = (
			);
			dependencies = (
			);
			name = TableViewCoreDataPractice;
			productName = TableViewCoreDataPractice;
			productReference = C4D5C9912BCEDC40009745CA /* TableViewCoreDataPractice.app */;
			productType = "com.apple.product-type.application";
		};
/* End PBXNativeTarget section */

/* Begin PBXProject section */
		C4D5C9892BCEDC40009745CA /* Project object */ = {
			isa = PBXProject;
			attributes = {
				BuildIndependentTargetsInParallel = 1;
				LastSwiftUpdateCheck = 1530;
				LastUpgradeCheck = 1530;
				TargetAttributes = {
					C4D5C9902BCEDC40009745CA = {
						CreatedOnToolsVersion = 15.3;
					};
				};
			};
			buildConfigurationList = C4D5C98C2BCEDC40009745CA /* Build configuration list for PBXProject "TableViewCoreDataPractice" */;
			compatibilityVersion = "Xcode 14.0";
			developmentRegion = en;
			hasScannedForEncodings = 0;
			knownRegions = (
				en,
				Base,
			);
			mainGroup = C4D5C9882BCEDC40009745CA;
			productRefGroup = C4D5C9922BCEDC40009745CA /* Products */;
			projectDirPath = "";
			projectRoot = "";
			targets = (
				C4D5C9902BCEDC40009745CA /* TableViewCoreDataPractice */,
			);
		};
/* End PBXProject section */

/* Begin PBXResourcesBuildPhase section */
		C4D5C98F2BCEDC40009745CA /* Resources */ = {
			isa = PBXResourcesBuildPhase;
			buildActionMask = 2147483647;
			files = (
				C4D5C9A12BCEDC41009745CA /* Assets.xcassets in Resources */,
				C4D5C9A42BCEDC41009745CA /* Base in Resources */,
				C4D5C99C2BCEDC40009745CA /* Base in Resources */,
			);
			runOnlyForDeploymentPostprocessing = 0;
		};
/* End PBXResourcesBuildPhase section */

/* Begin PBXSourcesBuildPhase section */
		C4D5C98D2BCEDC40009745CA /* Sources */ = {
			isa = PBXSourcesBuildPhase;
			buildActionMask = 2147483647;
			files = (
				C4D5C9B02BCEDCFA009745CA /* CoreDataHandler.swift in Sources */,
				C4D5C9992BCEDC40009745CA /* ViewController.swift in Sources */,
				C4D5C9952BCEDC40009745CA /* AppDelegate.swift in Sources */,
				C4D5C9972BCEDC40009745CA /* SceneDelegate.swift in Sources */,
				C4D5C99F2BCEDC40009745CA /* TableViewCoreDataPractice.xcdatamodeld in Sources */,
				C4D5C9AD2BCEDCD0009745CA /* Emp+CoreDataClass.swift in Sources */,
				C4D5C9AE2BCEDCD0009745CA /* Emp+CoreDataProperties.swift in Sources */,
				C4D5C9B22BCEDEE2009745CA /* CreateUpdateVC.swift in Sources */,
			);
			runOnlyForDeploymentPostprocessing = 0;
		};
/* End PBXSourcesBuildPhase section */

/* Begin PBXVariantGroup section */
		C4D5C99A2BCEDC40009745CA /* Main.storyboard */ = {
			isa = PBXVariantGroup;
			children = (
				C4D5C99B2BCEDC40009745CA /* Base */,
			);
			name = Main.storyboard;
			sourceTree = "<group>";
		};
		C4D5C9A22BCEDC41009745CA /* LaunchScreen.storyboard */ = {
			isa = PBXVariantGroup;
			children = (
				C4D5C9A32BCEDC41009745CA /* Base */,
			);
			name = LaunchScreen.storyboard;
			sourceTree = "<group>";
		};
/* End PBXVariantGroup section */

/* Begin XCBuildConfiguration section */
		C4D5C9A62BCEDC41009745CA /* Debug */ = {
			isa = XCBuildConfiguration;
			buildSettings = {
				ALWAYS_SEARCH_USER_PATHS = NO;
				ASSETCATALOG_COMPILER_GENERATE_SWIFT_ASSET_SYMBOL_EXTENSIONS = YES;
				CLANG_ANALYZER_NONNULL = YES;
				CLANG_ANALYZER_NUMBER_OBJECT_CONVERSION = YES_AGGRESSIVE;
				CLANG_CXX_LANGUAGE_STANDARD = "gnu++20";
				CLANG_ENABLE_MODULES = YES;
				CLANG_ENABLE_OBJC_ARC = YES;
				CLANG_ENABLE_OBJC_WEAK = YES;
				CLANG_WARN_BLOCK_CAPTURE_AUTORELEASING = YES;
				CLANG_WARN_BOOL_CONVERSION = YES;
				CLANG_WARN_COMMA = YES;
				CLANG_WARN_CONSTANT_CONVERSION = YES;
				CLANG_WARN_DEPRECATED_OBJC_IMPLEMENTATIONS = YES;
				CLANG_WARN_DIRECT_OBJC_ISA_USAGE = YES_ERROR;
				CLANG_WARN_DOCUMENTATION_COMMENTS = YES;
				CLANG_WARN_EMPTY_BODY = YES;
				CLANG_WARN_ENUM_CONVERSION = YES;
				CLANG_WARN_INFINITE_RECURSION = YES;
				CLANG_WARN_INT_CONVERSION = YES;
				CLANG_WARN_NON_LITERAL_NULL_CONVERSION = YES;
				CLANG_WARN_OBJC_IMPLICIT_RETAIN_SELF = YES;
				CLANG_WARN_OBJC_LITERAL_CONVERSION = YES;
				CLANG_WARN_OBJC_ROOT_CLASS = YES_ERROR;
				CLANG_WARN_QUOTED_INCLUDE_IN_FRAMEWORK_HEADER = YES;
				CLANG_WARN_RANGE_LOOP_ANALYSIS = YES;
				CLANG_WARN_STRICT_PROTOTYPES = YES;
				CLANG_WARN_SUSPICIOUS_MOVE = YES;
				CLANG_WARN_UNGUARDED_AVAILABILITY = YES_AGGRESSIVE;
				CLANG_WARN_UNREACHABLE_CODE = YES;
				CLANG_WARN__DUPLICATE_METHOD_MATCH = YES;
				COPY_PHASE_STRIP = NO;
				DEBUG_INFORMATION_FORMAT = dwarf;
				ENABLE_STRICT_OBJC_MSGSEND = YES;
				ENABLE_TESTABILITY = YES;
				ENABLE_USER_SCRIPT_SANDBOXING = YES;
				GCC_C_LANGUAGE_STANDARD = gnu17;
				GCC_DYNAMIC_NO_PIC = NO;
				GCC_NO_COMMON_BLOCKS = YES;
				GCC_OPTIMIZATION_LEVEL = 0;
				GCC_PREPROCESSOR_DEFINITIONS = (
					"DEBUG=1",
					"$(inherited)",
				);
				GCC_WARN_64_TO_32_BIT_CONVERSION = YES;
				GCC_WARN_ABOUT_RETURN_TYPE = YES_ERROR;
				GCC_WARN_UNDECLARED_SELECTOR = YES;
				GCC_WARN_UNINITIALIZED_AUTOS = YES_AGGRESSIVE;
				GCC_WARN_UNUSED_FUNCTION = YES;
				GCC_WARN_UNUSED_VARIABLE = YES;
				IPHONEOS_DEPLOYMENT_TARGET = 17.4;
				LOCALIZATION_PREFERS_STRING_CATALOGS = YES;
				MTL_ENABLE_DEBUG_INFO = INCLUDE_SOURCE;
				MTL_FAST_MATH = YES;
				ONLY_ACTIVE_ARCH = YES;
				SDKROOT = iphoneos;
				SWIFT_ACTIVE_COMPILATION_CONDITIONS = "DEBUG $(inherited)";
				SWIFT_OPTIMIZATION_LEVEL = "-Onone";
			};
			name = Debug;
		};
		C4D5C9A72BCEDC41009745CA /* Release */ = {
			isa = XCBuildConfiguration;
			buildSettings = {
				ALWAYS_SEARCH_USER_PATHS = NO;
				ASSETCATALOG_COMPILER_GENERATE_SWIFT_ASSET_SYMBOL_EXTENSIONS = YES;
				CLANG_ANALYZER_NONNULL = YES;
				CLANG_ANALYZER_NUMBER_OBJECT_CONVERSION = YES_AGGRESSIVE;
				CLANG_CXX_LANGUAGE_STANDARD = "gnu++20";
				CLANG_ENABLE_MODULES = YES;
				CLANG_ENABLE_OBJC_ARC = YES;
				CLANG_ENABLE_OBJC_WEAK = YES;
				CLANG_WARN_BLOCK_CAPTURE_AUTORELEASING = YES;
				CLANG_WARN_BOOL_CONVERSION = YES;
				CLANG_WARN_COMMA = YES;
				CLANG_WARN_CONSTANT_CONVERSION = YES;
				CLANG_WARN_DEPRECATED_OBJC_IMPLEMENTATIONS = YES;
				CLANG_WARN_DIRECT_OBJC_ISA_USAGE = YES_ERROR;
				CLANG_WARN_DOCUMENTATION_COMMENTS = YES;
				CLANG_WARN_EMPTY_BODY = YES;
				CLANG_WARN_ENUM_CONVERSION = YES;
				CLANG_WARN_INFINITE_RECURSION = YES;
				CLANG_WARN_INT_CONVERSION = YES;
				CLANG_WARN_NON_LITERAL_NULL_CONVERSION = YES;
				CLANG_WARN_OBJC_IMPLICIT_RETAIN_SELF = YES;
				CLANG_WARN_OBJC_LITERAL_CONVERSION = YES;
				CLANG_WARN_OBJC_ROOT_CLASS = YES_ERROR;
				CLANG_WARN_QUOTED_INCLUDE_IN_FRAMEWORK_HEADER = YES;
				CLANG_WARN_RANGE_LOOP_ANALYSIS = YES;
				CLANG_WARN_STRICT_PROTOTYPES = YES;
				CLANG_WARN_SUSPICIOUS_MOVE = YES;
				CLANG_WARN_UNGUARDED_AVAILABILITY = YES_AGGRESSIVE;
				CLANG_WARN_UNREACHABLE_CODE = YES;
				CLANG_WARN__DUPLICATE_METHOD_MATCH = YES;
				COPY_PHASE_STRIP = NO;
				DEBUG_INFORMATION_FORMAT = "dwarf-with-dsym";
				ENABLE_NS_ASSERTIONS = NO;
				ENABLE_STRICT_OBJC_MSGSEND = YES;
				ENABLE_USER_SCRIPT_SANDBOXING = YES;
				GCC_C_LANGUAGE_STANDARD = gnu17;
				GCC_NO_COMMON_BLOCKS = YES;
				GCC_WARN_64_TO_32_BIT_CONVERSION = YES;
				GCC_WARN_ABOUT_RETURN_TYPE = YES_ERROR;
				GCC_WARN_UNDECLARED_SELECTOR = YES;
				GCC_WARN_UNINITIALIZED_AUTOS = YES_AGGRESSIVE;
				GCC_WARN_UNUSED_FUNCTION = YES;
				GCC_WARN_UNUSED_VARIABLE = YES;
				IPHONEOS_DEPLOYMENT_TARGET = 17.4;
				LOCALIZATION_PREFERS_STRING_CATALOGS = YES;
				MTL_ENABLE_DEBUG_INFO = NO;
				MTL_FAST_MATH = YES;
				SDKROOT = iphoneos;
				SWIFT_COMPILATION_MODE = wholemodule;
				VALIDATE_PRODUCT = YES;
			};
			name = Release;
		};
		C4D5C9A92BCEDC41009745CA /* Debug */ = {
			isa = XCBuildConfiguration;
			buildSettings = {
				ASSETCATALOG_COMPILER_APPICON_NAME = AppIcon;
				ASSETCATALOG_COMPILER_GLOBAL_ACCENT_COLOR_NAME = AccentColor;
				CODE_SIGN_STYLE = Automatic;
				CURRENT_PROJECT_VERSION = 1;
				GENERATE_INFOPLIST_FILE = YES;
				INFOPLIST_FILE = TableViewCoreDataPractice/Info.plist;
				INFOPLIST_KEY_UIApplicationSupportsIndirectInputEvents = YES;
				INFOPLIST_KEY_UILaunchStoryboardName = LaunchScreen;
				INFOPLIST_KEY_UIMainStoryboardFile = Main;
				INFOPLIST_KEY_UISupportedInterfaceOrientations_iPad = "UIInterfaceOrientationPortrait UIInterfaceOrientationPortraitUpsideDown UIInterfaceOrientationLandscapeLeft UIInterfaceOrientationLandscapeRight";
				INFOPLIST_KEY_UISupportedInterfaceOrientations_iPhone = "UIInterfaceOrientationPortrait UIInterfaceOrientationLandscapeLeft UIInterfaceOrientationLandscapeRight";
				LD_RUNPATH_SEARCH_PATHS = (
					"$(inherited)",
					"@executable_path/Frameworks",
				);
				MARKETING_VERSION = 1.0;
				PRODUCT_BUNDLE_IDENTIFIER = ca.senecacollege.TableViewCoreDataPractice;
				PRODUCT_NAME = "$(TARGET_NAME)";
				SWIFT_EMIT_LOC_STRINGS = YES;
				SWIFT_VERSION = 5.0;
				TARGETED_DEVICE_FAMILY = "1,2";
			};
			name = Debug;
		};
		C4D5C9AA2BCEDC41009745CA /* Release */ = {
			isa = XCBuildConfiguration;
			buildSettings = {
				ASSETCATALOG_COMPILER_APPICON_NAME = AppIcon;
				ASSETCATALOG_COMPILER_GLOBAL_ACCENT_COLOR_NAME = AccentColor;
				CODE_SIGN_STYLE = Automatic;
				CURRENT_PROJECT_VERSION = 1;
				GENERATE_INFOPLIST_FILE = YES;
				INFOPLIST_FILE = TableViewCoreDataPractice/Info.plist;
				INFOPLIST_KEY_UIApplicationSupportsIndirectInputEvents = YES;
				INFOPLIST_KEY_UILaunchStoryboardName = LaunchScreen;
				INFOPLIST_KEY_UIMainStoryboardFile = Main;
				INFOPLIST_KEY_UISupportedInterfaceOrientations_iPad = "UIInterfaceOrientationPortrait UIInterfaceOrientationPortraitUpsideDown UIInterfaceOrientationLandscapeLeft UIInterfaceOrientationLandscapeRight";
				INFOPLIST_KEY_UISupportedInterfaceOrientations_iPhone = "UIInterfaceOrientationPortrait UIInterfaceOrientationLandscapeLeft UIInterfaceOrientationLandscapeRight";
				LD_RUNPATH_SEARCH_PATHS = (
					"$(inherited)",
					"@executable_path/Frameworks",
				);
				MARKETING_VERSION = 1.0;
				PRODUCT_BUNDLE_IDENTIFIER = ca.senecacollege.TableViewCoreDataPractice;
				PRODUCT_NAME = "$(TARGET_NAME)";
				SWIFT_EMIT_LOC_STRINGS = YES;
				SWIFT_VERSION = 5.0;
				TARGETED_DEVICE_FAMILY = "1,2";
			};
			name = Release;
		};
/* End XCBuildConfiguration section */

/* Begin XCConfigurationList section */
		C4D5C98C2BCEDC40009745CA /* Build configuration list for PBXProject "TableViewCoreDataPractice" */ = {
			isa = XCConfigurationList;
			buildConfigurations = (
				C4D5C9A62BCEDC41009745CA /* Debug */,
				C4D5C9A72BCEDC41009745CA /* Release */,
			);
			defaultConfigurationIsVisible = 0;
			defaultConfigurationName = Release;
		};
		C4D5C9A82BCEDC41009745CA /* Build configuration list for PBXNativeTarget "TableViewCoreDataPractice" */ = {
			isa = XCConfigurationList;
			buildConfigurations = (
				C4D5C9A92BCEDC41009745CA /* Debug */,
				C4D5C9AA2BCEDC41009745CA /* Release */,
			);
			defaultConfigurationIsVisible = 0;
			defaultConfigurationName = Release;
		};
/* End XCConfigurationList section */

/* Begin XCVersionGroup section */
		C4D5C99D2BCEDC40009745CA /* TableViewCoreDataPractice.xcdatamodeld */ = {
			isa = XCVersionGroup;
			children = (
				C4D5C99E2BCEDC40009745CA /* TableViewCoreDataPractice.xcdatamodel */,
			);
			currentVersion = C4D5C99E2BCEDC40009745CA /* TableViewCoreDataPractice.xcdatamodel */;
			path = TableViewCoreDataPractice.xcdatamodeld;
			sourceTree = "<group>";
			versionGroupType = wrapper.xcdatamodel;
		};
/* End XCVersionGroup section */
	};
	rootObject = C4D5C9892BCEDC40009745CA /* Project object */;
}
