// !$*UTF8*$!
{
	archiveVersion = 1;
	classes = {
	};
	objectVersion = 56;
	objects = {

/* Begin PBXBuildFile section */
		C44BD5E22B7CF219004B69C5 /* AppDelegate.swift in Sources */ = {isa = PBXBuildFile; fileRef = C44BD5E12B7CF219004B69C5 /* AppDelegate.swift */; };
		C44BD5E42B7CF219004B69C5 /* SceneDelegate.swift in Sources */ = {isa = PBXBuildFile; fileRef = C44BD5E32B7CF219004B69C5 /* SceneDelegate.swift */; };
		C44BD5E62B7CF219004B69C5 /* ViewController.swift in Sources */ = {isa = PBXBuildFile; fileRef = C44BD5E52B7CF219004B69C5 /* ViewController.swift */; };
		C44BD5E92B7CF219004B69C5 /* Main.storyboard in Resources */ = {isa = PBXBuildFile; fileRef = C44BD5E72B7CF219004B69C5 /* Main.storyboard */; };
		C44BD5EB2B7CF21A004B69C5 /* Assets.xcassets in Resources */ = {isa = PBXBuildFile; fileRef = C44BD5EA2B7CF21A004B69C5 /* Assets.xcassets */; };
		C44BD5EE2B7CF21A004B69C5 /* LaunchScreen.storyboard in Resources */ = {isa = PBXBuildFile; fileRef = C44BD5EC2B7CF21A004B69C5 /* LaunchScreen.storyboard */; };
		C44BD5F82B7CF80C004B69C5 /* FeedbackScreenController.swift in Sources */ = {isa = PBXBuildFile; fileRef = C44BD5F72B7CF80C004B69C5 /* FeedbackScreenController.swift */; };
		C4A633702B7D6C8300B29E6A /* RecipeModel.swift in Sources */ = {isa = PBXBuildFile; fileRef = C4A6336F2B7D6C8300B29E6A /* RecipeModel.swift */; };
		C4A633722B7D71B000B29E6A /* RecipeController.swift in Sources */ = {isa = PBXBuildFile; fileRef = C4A633712B7D71B000B29E6A /* RecipeController.swift */; };
		C4EB72712B7EA76D00EA7824 /* TimerController.swift in Sources */ = {isa = PBXBuildFile; fileRef = C4EB72702B7EA76D00EA7824 /* TimerController.swift */; };
		C4F1DEBE2B7ECE9E003B5A70 /* RecipeDetailController.swift in Sources */ = {isa = PBXBuildFile; fileRef = C4F1DEBD2B7ECE9E003B5A70 /* RecipeDetailController.swift */; };
/* End PBXBuildFile section */

/* Begin PBXFileReference section */
		C44BD5DE2B7CF219004B69C5 /* Assignment 2.app */ = {isa = PBXFileReference; explicitFileType = wrapper.application; includeInIndex = 0; path = "Assignment 2.app"; sourceTree = BUILT_PRODUCTS_DIR; };
		C44BD5E12B7CF219004B69C5 /* AppDelegate.swift */ = {isa = PBXFileReference; lastKnownFileType = sourcecode.swift; path = AppDelegate.swift; sourceTree = "<group>"; };
		C44BD5E32B7CF219004B69C5 /* SceneDelegate.swift */ = {isa = PBXFileReference; lastKnownFileType = sourcecode.swift; path = SceneDelegate.swift; sourceTree = "<group>"; };
		C44BD5E52B7CF219004B69C5 /* ViewController.swift */ = {isa = PBXFileReference; lastKnownFileType = sourcecode.swift; path = ViewController.swift; sourceTree = "<group>"; };
		C44BD5E82B7CF219004B69C5 /* Base */ = {isa = PBXFileReference; lastKnownFileType = file.storyboard; name = Base; path = Base.lproj/Main.storyboard; sourceTree = "<group>"; };
		C44BD5EA2B7CF21A004B69C5 /* Assets.xcassets */ = {isa = PBXFileReference; lastKnownFileType = folder.assetcatalog; path = Assets.xcassets; sourceTree = "<group>"; };
		C44BD5ED2B7CF21A004B69C5 /* Base */ = {isa = PBXFileReference; lastKnownFileType = file.storyboard; name = Base; path = Base.lproj/LaunchScreen.storyboard; sourceTree = "<group>"; };
		C44BD5EF2B7CF21A004B69C5 /* Info.plist */ = {isa = PBXFileReference; lastKnownFileType = text.plist.xml; path = Info.plist; sourceTree = "<group>"; };
		C44BD5F72B7CF80C004B69C5 /* FeedbackScreenController.swift */ = {isa = PBXFileReference; lastKnownFileType = sourcecode.swift; path = FeedbackScreenController.swift; sourceTree = "<group>"; };
		C4A6336F2B7D6C8300B29E6A /* RecipeModel.swift */ = {isa = PBXFileReference; lastKnownFileType = sourcecode.swift; path = RecipeModel.swift; sourceTree = "<group>"; };
		C4A633712B7D71B000B29E6A /* RecipeController.swift */ = {isa = PBXFileReference; lastKnownFileType = sourcecode.swift; path = RecipeController.swift; sourceTree = "<group>"; };
		C4EB72702B7EA76D00EA7824 /* TimerController.swift */ = {isa = PBXFileReference; lastKnownFileType = sourcecode.swift; path = TimerController.swift; sourceTree = "<group>"; };
		C4F1DEBD2B7ECE9E003B5A70 /* RecipeDetailController.swift */ = {isa = PBXFileReference; lastKnownFileType = sourcecode.swift; path = RecipeDetailController.swift; sourceTree = "<group>"; };
/* End PBXFileReference section */

/* Begin PBXFrameworksBuildPhase section */
		C44BD5DB2B7CF219004B69C5 /* Frameworks */ = {
			isa = PBXFrameworksBuildPhase;
			buildActionMask = 2147483647;
			files = (
			);
			runOnlyForDeploymentPostprocessing = 0;
		};
/* End PBXFrameworksBuildPhase section */

/* Begin PBXGroup section */
		C44BD5D52B7CF219004B69C5 = {
			isa = PBXGroup;
			children = (
				C44BD5E02B7CF219004B69C5 /* Assignment 2 */,
				C44BD5DF2B7CF219004B69C5 /* Products */,
			);
			sourceTree = "<group>";
		};
		C44BD5DF2B7CF219004B69C5 /* Products */ = {
			isa = PBXGroup;
			children = (
				C44BD5DE2B7CF219004B69C5 /* Assignment 2.app */,
			);
			name = Products;
			sourceTree = "<group>";
		};
		C44BD5E02B7CF219004B69C5 /* Assignment 2 */ = {
			isa = PBXGroup;
			children = (
				C44BD5E12B7CF219004B69C5 /* AppDelegate.swift */,
				C44BD5E32B7CF219004B69C5 /* SceneDelegate.swift */,
				C44BD5E52B7CF219004B69C5 /* ViewController.swift */,
				C44BD5E72B7CF219004B69C5 /* Main.storyboard */,
				C4F1DEBD2B7ECE9E003B5A70 /* RecipeDetailController.swift */,
				C4EB72702B7EA76D00EA7824 /* TimerController.swift */,
				C4A633712B7D71B000B29E6A /* RecipeController.swift */,
				C4A6336F2B7D6C8300B29E6A /* RecipeModel.swift */,
				C44BD5F72B7CF80C004B69C5 /* FeedbackScreenController.swift */,
				C44BD5EA2B7CF21A004B69C5 /* Assets.xcassets */,
				C44BD5EC2B7CF21A004B69C5 /* LaunchScreen.storyboard */,
				C44BD5EF2B7CF21A004B69C5 /* Info.plist */,
			);
			path = "Assignment 2";
			sourceTree = "<group>";
		};
/* End PBXGroup section */

/* Begin PBXNativeTarget section */
		C44BD5DD2B7CF219004B69C5 /* Assignment 2 */ = {
			isa = PBXNativeTarget;
			buildConfigurationList = C44BD5F22B7CF21A004B69C5 /* Build configuration list for PBXNativeTarget "Assignment 2" */;
			buildPhases = (
				C44BD5DA2B7CF219004B69C5 /* Sources */,
				C44BD5DB2B7CF219004B69C5 /* Frameworks */,
				C44BD5DC2B7CF219004B69C5 /* Resources */,
			);
			buildRules = (
			);
			dependencies = (
			);
			name = "Assignment 2";
			productName = "Assignment 2";
			productReference = C44BD5DE2B7CF219004B69C5 /* Assignment 2.app */;
			productType = "com.apple.product-type.application";
		};
/* End PBXNativeTarget section */

/* Begin PBXProject section */
		C44BD5D62B7CF219004B69C5 /* Project object */ = {
			isa = PBXProject;
			attributes = {
				BuildIndependentTargetsInParallel = 1;
				LastSwiftUpdateCheck = 1520;
				LastUpgradeCheck = 1520;
				TargetAttributes = {
					C44BD5DD2B7CF219004B69C5 = {
						CreatedOnToolsVersion = 15.2;
					};
				};
			};
			buildConfigurationList = C44BD5D92B7CF219004B69C5 /* Build configuration list for PBXProject "Assignment 2" */;
			compatibilityVersion = "Xcode 14.0";
			developmentRegion = en;
			hasScannedForEncodings = 0;
			knownRegions = (
				en,
				Base,
			);
			mainGroup = C44BD5D52B7CF219004B69C5;
			productRefGroup = C44BD5DF2B7CF219004B69C5 /* Products */;
			projectDirPath = "";
			projectRoot = "";
			targets = (
				C44BD5DD2B7CF219004B69C5 /* Assignment 2 */,
			);
		};
/* End PBXProject section */

/* Begin PBXResourcesBuildPhase section */
		C44BD5DC2B7CF219004B69C5 /* Resources */ = {
			isa = PBXResourcesBuildPhase;
			buildActionMask = 2147483647;
			files = (
				C44BD5EE2B7CF21A004B69C5 /* LaunchScreen.storyboard in Resources */,
				C44BD5EB2B7CF21A004B69C5 /* Assets.xcassets in Resources */,
				C44BD5E92B7CF219004B69C5 /* Main.storyboard in Resources */,
			);
			runOnlyForDeploymentPostprocessing = 0;
		};
/* End PBXResourcesBuildPhase section */

/* Begin PBXSourcesBuildPhase section */
		C44BD5DA2B7CF219004B69C5 /* Sources */ = {
			isa = PBXSourcesBuildPhase;
			buildActionMask = 2147483647;
			files = (
				C44BD5E62B7CF219004B69C5 /* ViewController.swift in Sources */,
				C44BD5E22B7CF219004B69C5 /* AppDelegate.swift in Sources */,
				C4A633702B7D6C8300B29E6A /* RecipeModel.swift in Sources */,
				C44BD5F82B7CF80C004B69C5 /* FeedbackScreenController.swift in Sources */,
				C4EB72712B7EA76D00EA7824 /* TimerController.swift in Sources */,
				C44BD5E42B7CF219004B69C5 /* SceneDelegate.swift in Sources */,
				C4F1DEBE2B7ECE9E003B5A70 /* RecipeDetailController.swift in Sources */,
				C4A633722B7D71B000B29E6A /* RecipeController.swift in Sources */,
			);
			runOnlyForDeploymentPostprocessing = 0;
		};
/* End PBXSourcesBuildPhase section */

/* Begin PBXVariantGroup section */
		C44BD5E72B7CF219004B69C5 /* Main.storyboard */ = {
			isa = PBXVariantGroup;
			children = (
				C44BD5E82B7CF219004B69C5 /* Base */,
			);
			name = Main.storyboard;
			sourceTree = "<group>";
		};
		C44BD5EC2B7CF21A004B69C5 /* LaunchScreen.storyboard */ = {
			isa = PBXVariantGroup;
			children = (
				C44BD5ED2B7CF21A004B69C5 /* Base */,
			);
			name = LaunchScreen.storyboard;
			sourceTree = "<group>";
		};
/* End PBXVariantGroup section */

/* Begin XCBuildConfiguration section */
		C44BD5F02B7CF21A004B69C5 /* Debug */ = {
			isa = XCBuildConfiguration;
			buildSettings = {
				ALWAYS_SEARCH_USER_PATHS = NO;
				ASSETCATALOG_COMPILER_GENERATE_SWIFT_ASSET_SYMBOL_EXTENSIONS = YES;
				CLANG_ANALYZER_NONNULL = YES;
				CLANG_ANALYZER_NUMBER_OBJECT_CONVERSION = YES_AGGRESSIVE;
				CLANG_CXX_LANGUAGE_STANDARD = "gnu++20";
				CLANG_ENABLE_MODULES = YES;
				CLANG_ENABLE_OBJC_ARC = YES;
				CLANG_ENABLE_OBJC_WEAK = YES;
				CLANG_WARN_BLOCK_CAPTURE_AUTORELEASING = YES;
				CLANG_WARN_BOOL_CONVERSION = YES;
				CLANG_WARN_COMMA = YES;
				CLANG_WARN_CONSTANT_CONVERSION = YES;
				CLANG_WARN_DEPRECATED_OBJC_IMPLEMENTATIONS = YES;
				CLANG_WARN_DIRECT_OBJC_ISA_USAGE = YES_ERROR;
				CLANG_WARN_DOCUMENTATION_COMMENTS = YES;
				CLANG_WARN_EMPTY_BODY = YES;
				CLANG_WARN_ENUM_CONVERSION = YES;
				CLANG_WARN_INFINITE_RECURSION = YES;
				CLANG_WARN_INT_CONVERSION = YES;
				CLANG_WARN_NON_LITERAL_NULL_CONVERSION = YES;
				CLANG_WARN_OBJC_IMPLICIT_RETAIN_SELF = YES;
				CLANG_WARN_OBJC_LITERAL_CONVERSION = YES;
				CLANG_WARN_OBJC_ROOT_CLASS = YES_ERROR;
				CLANG_WARN_QUOTED_INCLUDE_IN_FRAMEWORK_HEADER = YES;
				CLANG_WARN_RANGE_LOOP_ANALYSIS = YES;
				CLANG_WARN_STRICT_PROTOTYPES = YES;
				CLANG_WARN_SUSPICIOUS_MOVE = YES;
				CLANG_WARN_UNGUARDED_AVAILABILITY = YES_AGGRESSIVE;
				CLANG_WARN_UNREACHABLE_CODE = YES;
				CLANG_WARN__DUPLICATE_METHOD_MATCH = YES;
				COPY_PHASE_STRIP = NO;
				DEBUG_INFORMATION_FORMAT = dwarf;
				ENABLE_STRICT_OBJC_MSGSEND = YES;
				ENABLE_TESTABILITY = YES;
				ENABLE_USER_SCRIPT_SANDBOXING = YES;
				GCC_C_LANGUAGE_STANDARD = gnu17;
				GCC_DYNAMIC_NO_PIC = NO;
				GCC_NO_COMMON_BLOCKS = YES;
				GCC_OPTIMIZATION_LEVEL = 0;
				GCC_PREPROCESSOR_DEFINITIONS = (
					"DEBUG=1",
					"$(inherited)",
				);
				GCC_WARN_64_TO_32_BIT_CONVERSION = YES;
				GCC_WARN_ABOUT_RETURN_TYPE = YES_ERROR;
				GCC_WARN_UNDECLARED_SELECTOR = YES;
				GCC_WARN_UNINITIALIZED_AUTOS = YES_AGGRESSIVE;
				GCC_WARN_UNUSED_FUNCTION = YES;
				GCC_WARN_UNUSED_VARIABLE = YES;
				IPHONEOS_DEPLOYMENT_TARGET = 17.2;
				LOCALIZATION_PREFERS_STRING_CATALOGS = YES;
				MTL_ENABLE_DEBUG_INFO = INCLUDE_SOURCE;
				MTL_FAST_MATH = YES;
				ONLY_ACTIVE_ARCH = YES;
				SDKROOT = iphoneos;
				SWIFT_ACTIVE_COMPILATION_CONDITIONS = "DEBUG $(inherited)";
				SWIFT_OPTIMIZATION_LEVEL = "-Onone";
			};
			name = Debug;
		};
		C44BD5F12B7CF21A004B69C5 /* Release */ = {
			isa = XCBuildConfiguration;
			buildSettings = {
				ALWAYS_SEARCH_USER_PATHS = NO;
				ASSETCATALOG_COMPILER_GENERATE_SWIFT_ASSET_SYMBOL_EXTENSIONS = YES;
				CLANG_ANALYZER_NONNULL = YES;
				CLANG_ANALYZER_NUMBER_OBJECT_CONVERSION = YES_AGGRESSIVE;
				CLANG_CXX_LANGUAGE_STANDARD = "gnu++20";
				CLANG_ENABLE_MODULES = YES;
				CLANG_ENABLE_OBJC_ARC = YES;
				CLANG_ENABLE_OBJC_WEAK = YES;
				CLANG_WARN_BLOCK_CAPTURE_AUTORELEASING = YES;
				CLANG_WARN_BOOL_CONVERSION = YES;
				CLANG_WARN_COMMA = YES;
				CLANG_WARN_CONSTANT_CONVERSION = YES;
				CLANG_WARN_DEPRECATED_OBJC_IMPLEMENTATIONS = YES;
				CLANG_WARN_DIRECT_OBJC_ISA_USAGE = YES_ERROR;
				CLANG_WARN_DOCUMENTATION_COMMENTS = YES;
				CLANG_WARN_EMPTY_BODY = YES;
				CLANG_WARN_ENUM_CONVERSION = YES;
				CLANG_WARN_INFINITE_RECURSION = YES;
				CLANG_WARN_INT_CONVERSION = YES;
				CLANG_WARN_NON_LITERAL_NULL_CONVERSION = YES;
				CLANG_WARN_OBJC_IMPLICIT_RETAIN_SELF = YES;
				CLANG_WARN_OBJC_LITERAL_CONVERSION = YES;
				CLANG_WARN_OBJC_ROOT_CLASS = YES_ERROR;
				CLANG_WARN_QUOTED_INCLUDE_IN_FRAMEWORK_HEADER = YES;
				CLANG_WARN_RANGE_LOOP_ANALYSIS = YES;
				CLANG_WARN_STRICT_PROTOTYPES = YES;
				CLANG_WARN_SUSPICIOUS_MOVE = YES;
				CLANG_WARN_UNGUARDED_AVAILABILITY = YES_AGGRESSIVE;
				CLANG_WARN_UNREACHABLE_CODE = YES;
				CLANG_WARN__DUPLICATE_METHOD_MATCH = YES;
				COPY_PHASE_STRIP = NO;
				DEBUG_INFORMATION_FORMAT = "dwarf-with-dsym";
				ENABLE_NS_ASSERTIONS = NO;
				ENABLE_STRICT_OBJC_MSGSEND = YES;
				ENABLE_USER_SCRIPT_SANDBOXING = YES;
				GCC_C_LANGUAGE_STANDARD = gnu17;
				GCC_NO_COMMON_BLOCKS = YES;
				GCC_WARN_64_TO_32_BIT_CONVERSION = YES;
				GCC_WARN_ABOUT_RETURN_TYPE = YES_ERROR;
				GCC_WARN_UNDECLARED_SELECTOR = YES;
				GCC_WARN_UNINITIALIZED_AUTOS = YES_AGGRESSIVE;
				GCC_WARN_UNUSED_FUNCTION = YES;
				GCC_WARN_UNUSED_VARIABLE = YES;
				IPHONEOS_DEPLOYMENT_TARGET = 17.2;
				LOCALIZATION_PREFERS_STRING_CATALOGS = YES;
				MTL_ENABLE_DEBUG_INFO = NO;
				MTL_FAST_MATH = YES;
				SDKROOT = iphoneos;
				SWIFT_COMPILATION_MODE = wholemodule;
				VALIDATE_PRODUCT = YES;
			};
			name = Release;
		};
		C44BD5F32B7CF21A004B69C5 /* Debug */ = {
			isa = XCBuildConfiguration;
			buildSettings = {
				ASSETCATALOG_COMPILER_APPICON_NAME = AppIcon;
				ASSETCATALOG_COMPILER_GLOBAL_ACCENT_COLOR_NAME = AccentColor;
				CODE_SIGN_STYLE = Automatic;
				CURRENT_PROJECT_VERSION = 1;
				GENERATE_INFOPLIST_FILE = YES;
				INFOPLIST_FILE = "Assignment 2/Info.plist";
				INFOPLIST_KEY_UIApplicationSupportsIndirectInputEvents = YES;
				INFOPLIST_KEY_UILaunchStoryboardName = LaunchScreen;
				INFOPLIST_KEY_UIMainStoryboardFile = Main;
				INFOPLIST_KEY_UISupportedInterfaceOrientations_iPad = "UIInterfaceOrientationPortrait UIInterfaceOrientationPortraitUpsideDown UIInterfaceOrientationLandscapeLeft UIInterfaceOrientationLandscapeRight";
				INFOPLIST_KEY_UISupportedInterfaceOrientations_iPhone = "UIInterfaceOrientationPortrait UIInterfaceOrientationLandscapeLeft UIInterfaceOrientationLandscapeRight";
				LD_RUNPATH_SEARCH_PATHS = (
					"$(inherited)",
					"@executable_path/Frameworks",
				);
				MARKETING_VERSION = 1.0;
				PRODUCT_BUNDLE_IDENTIFIER = "ca.senecacollege.Assignment-2";
				PRODUCT_NAME = "$(TARGET_NAME)";
				SWIFT_EMIT_LOC_STRINGS = YES;
				SWIFT_VERSION = 5.0;
				TARGETED_DEVICE_FAMILY = "1,2";
			};
			name = Debug;
		};
		C44BD5F42B7CF21A004B69C5 /* Release */ = {
			isa = XCBuildConfiguration;
			buildSettings = {
				ASSETCATALOG_COMPILER_APPICON_NAME = AppIcon;
				ASSETCATALOG_COMPILER_GLOBAL_ACCENT_COLOR_NAME = AccentColor;
				CODE_SIGN_STYLE = Automatic;
				CURRENT_PROJECT_VERSION = 1;
				GENERATE_INFOPLIST_FILE = YES;
				INFOPLIST_FILE = "Assignment 2/Info.plist";
				INFOPLIST_KEY_UIApplicationSupportsIndirectInputEvents = YES;
				INFOPLIST_KEY_UILaunchStoryboardName = LaunchScreen;
				INFOPLIST_KEY_UIMainStoryboardFile = Main;
				INFOPLIST_KEY_UISupportedInterfaceOrientations_iPad = "UIInterfaceOrientationPortrait UIInterfaceOrientationPortraitUpsideDown UIInterfaceOrientationLandscapeLeft UIInterfaceOrientationLandscapeRight";
				INFOPLIST_KEY_UISupportedInterfaceOrientations_iPhone = "UIInterfaceOrientationPortrait UIInterfaceOrientationLandscapeLeft UIInterfaceOrientationLandscapeRight";
				LD_RUNPATH_SEARCH_PATHS = (
					"$(inherited)",
					"@executable_path/Frameworks",
				);
				MARKETING_VERSION = 1.0;
				PRODUCT_BUNDLE_IDENTIFIER = "ca.senecacollege.Assignment-2";
				PRODUCT_NAME = "$(TARGET_NAME)";
				SWIFT_EMIT_LOC_STRINGS = YES;
				SWIFT_VERSION = 5.0;
				TARGETED_DEVICE_FAMILY = "1,2";
			};
			name = Release;
		};
/* End XCBuildConfiguration section */

/* Begin XCConfigurationList section */
		C44BD5D92B7CF219004B69C5 /* Build configuration list for PBXProject "Assignment 2" */ = {
			isa = XCConfigurationList;
			buildConfigurations = (
				C44BD5F02B7CF21A004B69C5 /* Debug */,
				C44BD5F12B7CF21A004B69C5 /* Release */,
			);
			defaultConfigurationIsVisible = 0;
			defaultConfigurationName = Release;
		};
		C44BD5F22B7CF21A004B69C5 /* Build configuration list for PBXNativeTarget "Assignment 2" */ = {
			isa = XCConfigurationList;
			buildConfigurations = (
				C44BD5F32B7CF21A004B69C5 /* Debug */,
				C44BD5F42B7CF21A004B69C5 /* Release */,
			);
			defaultConfigurationIsVisible = 0;
			defaultConfigurationName = Release;
		};
/* End XCConfigurationList section */
	};
	rootObject = C44BD5D62B7CF219004B69C5 /* Project object */;
}
